
Microsoft Visual Studio Solution File, Format Version 12.00
# Visual Studio Version 16
VisualStudioVersion = 16.0.30523.141
MinimumVisualStudioVersion = 10.0.40219.1
Project("{FAE04EC0-301F-11D3-BF4B-00C04F79EFBC}") = "ProjetoLogin", "ProjetoLogin\ProjetoLogin.csproj", "{16363FBA-41A2-4FFD-BB75-E874566C9D80}"
EndProject
Global
	GlobalSection(SolutionConfigurationPlatforms) = preSolution
		Debug|Any CPU = Debug|Any CPU
		Release|Any CPU = Release|Any CPU
	EndGlobalSection
	GlobalSection(ProjectConfigurationPlatforms) = postSolution
		{16363FBA-41A2-4FFD-BB75-E874566C9D80}.Debug|Any CPU.ActiveCfg = Debug|Any CPU
		{16363FBA-41A2-4FFD-BB75-E874566C9D80}.Debug|Any CPU.Build.0 = Debug|Any CPU
		{16363FBA-41A2-4FFD-BB75-E874566C9D80}.Release|Any CPU.ActiveCfg = Release|Any CPU
		{16363FBA-41A2-4FFD-BB75-E874566C9D80}.Release|Any CPU.Build.0 = Release|Any CPU
	EndGlobalSection
	GlobalSection(SolutionProperties) = preSolution
		HideSolutionNode = FALSE
	EndGlobalSection
	GlobalSection(ExtensibilityGlobals) = postSolution
		SolutionGuid = {46CDD363-20D7-4FF9-89A2-55791790C164}
	EndGlobalSection
EndGlobal
